
Microsoft Visual Studio Solution File, Format Version 12.00
# Visual Studio Version 17
VisualStudioVersion = 17.4.33205.214
MinimumVisualStudioVersion = 10.0.40219.1
Project("{FAE04EC0-301F-11D3-BF4B-00C04F79EFBC}") = "Calculator", "Calculator\Calculator.csproj", "{795967FB-458B-4193-ADFD-3C8623A9E3B1}"
EndProject
Global
	GlobalSection(SolutionConfigurationPlatforms) = preSolution
		Debug|Any CPU = Debug|Any CPU
		Release|Any CPU = Release|Any CPU
	EndGlobalSection
	GlobalSection(ProjectConfigurationPlatforms) = postSolution
		{795967FB-458B-4193-ADFD-3C8623A9E3B1}.Debug|Any CPU.ActiveCfg = Debug|Any CPU
		{795967FB-458B-4193-ADFD-3C8623A9E3B1}.Debug|Any CPU.Build.0 = Debug|Any CPU
		{795967FB-458B-4193-ADFD-3C8623A9E3B1}.Release|Any CPU.ActiveCfg = Release|Any CPU
		{795967FB-458B-4193-ADFD-3C8623A9E3B1}.Release|Any CPU.Build.0 = Release|Any CPU
	EndGlobalSection
	GlobalSection(SolutionProperties) = preSolution
		HideSolutionNode = FALSE
	EndGlobalSection
	GlobalSection(ExtensibilityGlobals) = postSolution
		SolutionGuid = {4B8D68C3-FBDA-4F82-987E-056121DC8555}
	EndGlobalSection
EndGlobal
